
Microsoft Visual Studio Solution File, Format Version 12.00
# Visual Studio Version 17
VisualStudioVersion = 17.0.31903.59
MinimumVisualStudioVersion = 10.0.40219.1
Project("{FAE04EC0-301F-11D3-BF4B-00C04F79EFBC}") = "ZwiftTTTSim.Core", "ZwiftTTTSim.Core\ZwiftTTTSim.Core.csproj", "{599FC760-8A18-4473-BB9A-63097CE0E50E}"
EndProject
Project("{FAE04EC0-301F-11D3-BF4B-00C04F79EFBC}") = "ZwiftTTTSim.Tests", "ZwiftTTTSim.Tests\ZwiftTTTSim.Tests.csproj", "{F9B6F344-8210-4830-A79B-69F1D71B74FC}"
EndProject
Project("{FAE04EC0-301F-11D3-BF4B-00C04F79EFBC}") = "ZwiftTTTSim.CLI", "ZwiftTTTSim.CLI\ZwiftTTTSim.CLI.csproj", "{182EC6FA-4C36-4D10-A02D-9AD9DAFF085F}"
EndProject
Global
	GlobalSection(SolutionConfigurationPlatforms) = preSolution
		Debug|Any CPU = Debug|Any CPU
		Debug|x64 = Debug|x64
		Debug|x86 = Debug|x86
		Release|Any CPU = Release|Any CPU
		Release|x64 = Release|x64
		Release|x86 = Release|x86
	EndGlobalSection
	GlobalSection(ProjectConfigurationPlatforms) = postSolution
		{599FC760-8A18-4473-BB9A-63097CE0E50E}.Debug|Any CPU.ActiveCfg = Debug|Any CPU
		{599FC760-8A18-4473-BB9A-63097CE0E50E}.Debug|Any CPU.Build.0 = Debug|Any CPU
		{599FC760-8A18-4473-BB9A-63097CE0E50E}.Debug|x64.ActiveCfg = Debug|Any CPU
		{599FC760-8A18-4473-BB9A-63097CE0E50E}.Debug|x64.Build.0 = Debug|Any CPU
		{599FC760-8A18-4473-BB9A-63097CE0E50E}.Debug|x86.ActiveCfg = Debug|Any CPU
		{599FC760-8A18-4473-BB9A-63097CE0E50E}.Debug|x86.Build.0 = Debug|Any CPU
		{599FC760-8A18-4473-BB9A-63097CE0E50E}.Release|Any CPU.ActiveCfg = Release|Any CPU
		{599FC760-8A18-4473-BB9A-63097CE0E50E}.Release|Any CPU.Build.0 = Release|Any CPU
		{599FC760-8A18-4473-BB9A-63097CE0E50E}.Release|x64.ActiveCfg = Release|Any CPU
		{599FC760-8A18-4473-BB9A-63097CE0E50E}.Release|x64.Build.0 = Release|Any CPU
		{599FC760-8A18-4473-BB9A-63097CE0E50E}.Release|x86.ActiveCfg = Release|Any CPU
		{599FC760-8A18-4473-BB9A-63097CE0E50E}.Release|x86.Build.0 = Release|Any CPU
		{F9B6F344-8210-4830-A79B-69F1D71B74FC}.Debug|Any CPU.ActiveCfg = Debug|Any CPU
		{F9B6F344-8210-4830-A79B-69F1D71B74FC}.Debug|Any CPU.Build.0 = Debug|Any CPU
		{F9B6F344-8210-4830-A79B-69F1D71B74FC}.Debug|x64.ActiveCfg = Debug|Any CPU
		{F9B6F344-8210-4830-A79B-69F1D71B74FC}.Debug|x64.Build.0 = Debug|Any CPU
		{F9B6F344-8210-4830-A79B-69F1D71B74FC}.Debug|x86.ActiveCfg = Debug|Any CPU
		{F9B6F344-8210-4830-A79B-69F1D71B74FC}.Debug|x86.Build.0 = Debug|Any CPU
		{F9B6F344-8210-4830-A79B-69F1D71B74FC}.Release|Any CPU.ActiveCfg = Release|Any CPU
		{F9B6F344-8210-4830-A79B-69F1D71B74FC}.Release|Any CPU.Build.0 = Release|Any CPU
		{F9B6F344-8210-4830-A79B-69F1D71B74FC}.Release|x64.ActiveCfg = Release|Any CPU
		{F9B6F344-8210-4830-A79B-69F1D71B74FC}.Release|x64.Build.0 = Release|Any CPU
		{F9B6F344-8210-4830-A79B-69F1D71B74FC}.Release|x86.ActiveCfg = Release|Any CPU
		{F9B6F344-8210-4830-A79B-69F1D71B74FC}.Release|x86.Build.0 = Release|Any CPU
		{182EC6FA-4C36-4D10-A02D-9AD9DAFF085F}.Debug|Any CPU.ActiveCfg = Debug|Any CPU
		{182EC6FA-4C36-4D10-A02D-9AD9DAFF085F}.Debug|Any CPU.Build.0 = Debug|Any CPU
		{182EC6FA-4C36-4D10-A02D-9AD9DAFF085F}.Debug|x64.ActiveCfg = Debug|Any CPU
		{182EC6FA-4C36-4D10-A02D-9AD9DAFF085F}.Debug|x64.Build.0 = Debug|Any CPU
		{182EC6FA-4C36-4D10-A02D-9AD9DAFF085F}.Debug|x86.ActiveCfg = Debug|Any CPU
		{182EC6FA-4C36-4D10-A02D-9AD9DAFF085F}.Debug|x86.Build.0 = Debug|Any CPU
		{182EC6FA-4C36-4D10-A02D-9AD9DAFF085F}.Release|Any CPU.ActiveCfg = Release|Any CPU
		{182EC6FA-4C36-4D10-A02D-9AD9DAFF085F}.Release|Any CPU.Build.0 = Release|Any CPU
		{182EC6FA-4C36-4D10-A02D-9AD9DAFF085F}.Release|x64.ActiveCfg = Release|Any CPU
		{182EC6FA-4C36-4D10-A02D-9AD9DAFF085F}.Release|x64.Build.0 = Release|Any CPU
		{182EC6FA-4C36-4D10-A02D-9AD9DAFF085F}.Release|x86.ActiveCfg = Release|Any CPU
		{182EC6FA-4C36-4D10-A02D-9AD9DAFF085F}.Release|x86.Build.0 = Release|Any CPU
	EndGlobalSection
	GlobalSection(SolutionProperties) = preSolution
		HideSolutionNode = FALSE
	EndGlobalSection
EndGlobal
